// !$*UTF8*$!
{
	archiveVersion = 1;
	classes = {
	};
	objectVersion = 51;
	objects = {

/* Begin PBXBuildFile section */
		691E4A7D2332B5BC00D944A2 /* PlaySoundsViewController.swift in Sources */ = {isa = PBXBuildFile; fileRef = 691E4A7C2332B5BC00D944A2 /* PlaySoundsViewController.swift */; };
		691E4A7F2332B5CC00D944A2 /* playsoundsviewcontroller+audio.swift in Sources */ = {isa = PBXBuildFile; fileRef = 691E4A7E2332B5CC00D944A2 /* playsoundsviewcontroller+audio.swift */; };
		691E4A812332B5E500D944A2 /* RecordSoundsViewController.swift in Sources */ = {isa = PBXBuildFile; fileRef = 691E4A802332B5E500D944A2 /* RecordSoundsViewController.swift */; };
		69885B0F2332B37A00775DEC /* AppDelegate.swift in Sources */ = {isa = PBXBuildFile; fileRef = 69885B0E2332B37A00775DEC /* AppDelegate.swift */; };
		69885B112332B37A00775DEC /* ViewController.swift in Sources */ = {isa = PBXBuildFile; fileRef = 69885B102332B37A00775DEC /* ViewController.swift */; };
		69885B142332B37A00775DEC /* Main.storyboard in Resources */ = {isa = PBXBuildFile; fileRef = 69885B122332B37A00775DEC /* Main.storyboard */; };
		69885B162332B37A00775DEC /* Assets.xcassets in Resources */ = {isa = PBXBuildFile; fileRef = 69885B152332B37A00775DEC /* Assets.xcassets */; };
		69885B192332B37A00775DEC /* LaunchScreen.storyboard in Resources */ = {isa = PBXBuildFile; fileRef = 69885B172332B37A00775DEC /* LaunchScreen.storyboard */; };
		69885B242332B37A00775DEC /* Pitch_PerfectTests.swift in Sources */ = {isa = PBXBuildFile; fileRef = 69885B232332B37A00775DEC /* Pitch_PerfectTests.swift */; };
		69885B2F2332B37A00775DEC /* Pitch_PerfectUITests.swift in Sources */ = {isa = PBXBuildFile; fileRef = 69885B2E2332B37A00775DEC /* Pitch_PerfectUITests.swift */; };
/* End PBXBuildFile section */

/* Begin PBXContainerItemProxy section */
		69885B202332B37A00775DEC /* PBXContainerItemProxy */ = {
			isa = PBXContainerItemProxy;
			containerPortal = 69885B032332B37A00775DEC /* Project object */;
			proxyType = 1;
			remoteGlobalIDString = 69885B0A2332B37A00775DEC;
			remoteInfo = "Pitch Perfect";
		};
		69885B2B2332B37A00775DEC /* PBXContainerItemProxy */ = {
			isa = PBXContainerItemProxy;
			containerPortal = 69885B032332B37A00775DEC /* Project object */;
			proxyType = 1;
			remoteGlobalIDString = 69885B0A2332B37A00775DEC;
			remoteInfo = "Pitch Perfect";
		};
/* End PBXContainerItemProxy section */

/* Begin PBXFileReference section */
		691E4A7C2332B5BC00D944A2 /* PlaySoundsViewController.swift */ = {isa = PBXFileReference; fileEncoding = 4; lastKnownFileType = sourcecode.swift; path = PlaySoundsViewController.swift; sourceTree = "<group>"; };
		691E4A7E2332B5CC00D944A2 /* playsoundsviewcontroller+audio.swift */ = {isa = PBXFileReference; fileEncoding = 4; lastKnownFileType = sourcecode.swift; path = "playsoundsviewcontroller+audio.swift"; sourceTree = "<group>"; };
		691E4A802332B5E500D944A2 /* RecordSoundsViewController.swift */ = {isa = PBXFileReference; fileEncoding = 4; lastKnownFileType = sourcecode.swift; path = RecordSoundsViewController.swift; sourceTree = "<group>"; };
		69885B0B2332B37A00775DEC /* Pitch Perfect.app */ = {isa = PBXFileReference; explicitFileType = wrapper.application; includeInIndex = 0; path = "Pitch Perfect.app"; sourceTree = BUILT_PRODUCTS_DIR; };
		69885B0E2332B37A00775DEC /* AppDelegate.swift */ = {isa = PBXFileReference; lastKnownFileType = sourcecode.swift; path = AppDelegate.swift; sourceTree = "<group>"; };
		69885B102332B37A00775DEC /* ViewController.swift */ = {isa = PBXFileReference; lastKnownFileType = sourcecode.swift; path = ViewController.swift; sourceTree = "<group>"; };
		69885B132332B37A00775DEC /* Base */ = {isa = PBXFileReference; lastKnownFileType = file.storyboard; name = Base; path = Base.lproj/Main.storyboard; sourceTree = "<group>"; };
		69885B152332B37A00775DEC /* Assets.xcassets */ = {isa = PBXFileReference; lastKnownFileType = folder.assetcatalog; path = Assets.xcassets; sourceTree = "<group>"; };
		69885B182332B37A00775DEC /* Base */ = {isa = PBXFileReference; lastKnownFileType = file.storyboard; name = Base; path = Base.lproj/LaunchScreen.storyboard; sourceTree = "<group>"; };
		69885B1A2332B37A00775DEC /* Info.plist */ = {isa = PBXFileReference; lastKnownFileType = text.plist.xml; path = Info.plist; sourceTree = "<group>"; };
		69885B1F2332B37A00775DEC /* Pitch PerfectTests.xctest */ = {isa = PBXFileReference; explicitFileType = wrapper.cfbundle; includeInIndex = 0; path = "Pitch PerfectTests.xctest"; sourceTree = BUILT_PRODUCTS_DIR; };
		69885B232332B37A00775DEC /* Pitch_PerfectTests.swift */ = {isa = PBXFileReference; lastKnownFileType = sourcecode.swift; path = Pitch_PerfectTests.swift; sourceTree = "<group>"; };
		69885B252332B37A00775DEC /* Info.plist */ = {isa = PBXFileReference; lastKnownFileType = text.plist.xml; path = Info.plist; sourceTree = "<group>"; };
		69885B2A2332B37A00775DEC /* Pitch PerfectUITests.xctest */ = {isa = PBXFileReference; explicitFileType = wrapper.cfbundle; includeInIndex = 0; path = "Pitch PerfectUITests.xctest"; sourceTree = BUILT_PRODUCTS_DIR; };
		69885B2E2332B37A00775DEC /* Pitch_PerfectUITests.swift */ = {isa = PBXFileReference; lastKnownFileType = sourcecode.swift; path = Pitch_PerfectUITests.swift; sourceTree = "<group>"; };
		69885B302332B37A00775DEC /* Info.plist */ = {isa = PBXFileReference; lastKnownFileType = text.plist.xml; path = Info.plist; sourceTree = "<group>"; };
/* End PBXFileReference section */

/* Begin PBXFrameworksBuildPhase section */
		69885B082332B37A00775DEC /* Frameworks */ = {
			isa = PBXFrameworksBuildPhase;
			buildActionMask = 2147483647;
			files = (
			);
			runOnlyForDeploymentPostprocessing = 0;
		};
		69885B1C2332B37A00775DEC /* Frameworks */ = {
			isa = PBXFrameworksBuildPhase;
			buildActionMask = 2147483647;
			files = (
			);
			runOnlyForDeploymentPostprocessing = 0;
		};
		69885B272332B37A00775DEC /* Frameworks */ = {
			isa = PBXFrameworksBuildPhase;
			buildActionMask = 2147483647;
			files = (
			);
			runOnlyForDeploymentPostprocessing = 0;
		};
/* End PBXFrameworksBuildPhase section */

/* Begin PBXGroup section */
		69885B022332B37A00775DEC = {
			isa = PBXGroup;
			children = (
				69885B0D2332B37A00775DEC /* Pitch Perfect */,
				69885B222332B37A00775DEC /* Pitch PerfectTests */,
				69885B2D2332B37A00775DEC /* Pitch PerfectUITests */,
				69885B0C2332B37A00775DEC /* Products */,
			);
			sourceTree = "<group>";
		};
		69885B0C2332B37A00775DEC /* Products */ = {
			isa = PBXGroup;
			children = (
				69885B0B2332B37A00775DEC /* Pitch Perfect.app */,
				69885B1F2332B37A00775DEC /* Pitch PerfectTests.xctest */,
				69885B2A2332B37A00775DEC /* Pitch PerfectUITests.xctest */,
			);
			name = Products;
			sourceTree = "<group>";
		};
		69885B0D2332B37A00775DEC /* Pitch Perfect */ = {
			isa = PBXGroup;
			children = (
				69885B0E2332B37A00775DEC /* AppDelegate.swift */,
				69885B102332B37A00775DEC /* ViewController.swift */,
				691E4A7C2332B5BC00D944A2 /* PlaySoundsViewController.swift */,
				691E4A802332B5E500D944A2 /* RecordSoundsViewController.swift */,
				69885B122332B37A00775DEC /* Main.storyboard */,
				691E4A7E2332B5CC00D944A2 /* playsoundsviewcontroller+audio.swift */,
				69885B152332B37A00775DEC /* Assets.xcassets */,
				69885B172332B37A00775DEC /* LaunchScreen.storyboard */,
				69885B1A2332B37A00775DEC /* Info.plist */,
			);
			path = "Pitch Perfect";
			sourceTree = "<group>";
		};
		69885B222332B37A00775DEC /* Pitch PerfectTests */ = {
			isa = PBXGroup;
			children = (
				69885B232332B37A00775DEC /* Pitch_PerfectTests.swift */,
				69885B252332B37A00775DEC /* Info.plist */,
			);
			path = "Pitch PerfectTests";
			sourceTree = "<group>";
		};
		69885B2D2332B37A00775DEC /* Pitch PerfectUITests */ = {
			isa = PBXGroup;
			children = (
				69885B2E2332B37A00775DEC /* Pitch_PerfectUITests.swift */,
				69885B302332B37A00775DEC /* Info.plist */,
			);
			path = "Pitch PerfectUITests";
			sourceTree = "<group>";
		};
/* End PBXGroup section */

/* Begin PBXNativeTarget section */
		69885B0A2332B37A00775DEC /* Pitch Perfect */ = {
			isa = PBXNativeTarget;
			buildConfigurationList = 69885B332332B37A00775DEC /* Build configuration list for PBXNativeTarget "Pitch Perfect" */;
			buildPhases = (
				69885B072332B37A00775DEC /* Sources */,
				69885B082332B37A00775DEC /* Frameworks */,
				69885B092332B37A00775DEC /* Resources */,
			);
			buildRules = (
			);
			dependencies = (
			);
			name = "Pitch Perfect";
			productName = "Pitch Perfect";
			productReference = 69885B0B2332B37A00775DEC /* Pitch Perfect.app */;
			productType = "com.apple.product-type.application";
		};
		69885B1E2332B37A00775DEC /* Pitch PerfectTests */ = {
			isa = PBXNativeTarget;
			buildConfigurationList = 69885B362332B37A00775DEC /* Build configuration list for PBXNativeTarget "Pitch PerfectTests" */;
			buildPhases = (
				69885B1B2332B37A00775DEC /* Sources */,
				69885B1C2332B37A00775DEC /* Frameworks */,
				69885B1D2332B37A00775DEC /* Resources */,
			);
			buildRules = (
			);
			dependencies = (
				69885B212332B37A00775DEC /* PBXTargetDependency */,
			);
			name = "Pitch PerfectTests";
			productName = "Pitch PerfectTests";
			productReference = 69885B1F2332B37A00775DEC /* Pitch PerfectTests.xctest */;
			productType = "com.apple.product-type.bundle.unit-test";
		};
		69885B292332B37A00775DEC /* Pitch PerfectUITests */ = {
			isa = PBXNativeTarget;
			buildConfigurationList = 69885B392332B37A00775DEC /* Build configuration list for PBXNativeTarget "Pitch PerfectUITests" */;
			buildPhases = (
				69885B262332B37A00775DEC /* Sources */,
				69885B272332B37A00775DEC /* Frameworks */,
				69885B282332B37A00775DEC /* Resources */,
			);
			buildRules = (
			);
			dependencies = (
				69885B2C2332B37A00775DEC /* PBXTargetDependency */,
			);
			name = "Pitch PerfectUITests";
			productName = "Pitch PerfectUITests";
			productReference = 69885B2A2332B37A00775DEC /* Pitch PerfectUITests.xctest */;
			productType = "com.apple.product-type.bundle.ui-testing";
		};
/* End PBXNativeTarget section */

/* Begin PBXProject section */
		69885B032332B37A00775DEC /* Project object */ = {
			isa = PBXProject;
			attributes = {
				LastSwiftUpdateCheck = 1030;
				LastUpgradeCheck = 1030;
				ORGANIZATIONNAME = Ghadah;
				TargetAttributes = {
					69885B0A2332B37A00775DEC = {
						CreatedOnToolsVersion = 10.3;
					};
					69885B1E2332B37A00775DEC = {
						CreatedOnToolsVersion = 10.3;
						TestTargetID = 69885B0A2332B37A00775DEC;
					};
					69885B292332B37A00775DEC = {
						CreatedOnToolsVersion = 10.3;
						TestTargetID = 69885B0A2332B37A00775DEC;
					};
				};
			};
			buildConfigurationList = 69885B062332B37A00775DEC /* Build configuration list for PBXProject "Pitch Perfect" */;
			compatibilityVersion = "Xcode 10.0";
			developmentRegion = en;
			hasScannedForEncodings = 0;
			knownRegions = (
				en,
				Base,
			);
			mainGroup = 69885B022332B37A00775DEC;
			productRefGroup = 69885B0C2332B37A00775DEC /* Products */;
			projectDirPath = "";
			projectRoot = "";
			targets = (
				69885B0A2332B37A00775DEC /* Pitch Perfect */,
				69885B1E2332B37A00775DEC /* Pitch PerfectTests */,
				69885B292332B37A00775DEC /* Pitch PerfectUITests */,
			);
		};
/* End PBXProject section */

/* Begin PBXResourcesBuildPhase section */
		69885B092332B37A00775DEC /* Resources */ = {
			isa = PBXResourcesBuildPhase;
			buildActionMask = 2147483647;
			files = (
				69885B192332B37A00775DEC /* LaunchScreen.storyboard in Resources */,
				69885B162332B37A00775DEC /* Assets.xcassets in Resources */,
				69885B142332B37A00775DEC /* Main.storyboard in Resources */,
			);
			runOnlyForDeploymentPostprocessing = 0;
		};
		69885B1D2332B37A00775DEC /* Resources */ = {
			isa = PBXResourcesBuildPhase;
			buildActionMask = 2147483647;
			files = (
			);
			runOnlyForDeploymentPostprocessing = 0;
		};
		69885B282332B37A00775DEC /* Resources */ = {
			isa = PBXResourcesBuildPhase;
			buildActionMask = 2147483647;
			files = (
			);
			runOnlyForDeploymentPostprocessing = 0;
		};
/* End PBXResourcesBuildPhase section */

/* Begin PBXSourcesBuildPhase section */
		69885B072332B37A00775DEC /* Sources */ = {
			isa = PBXSourcesBuildPhase;
			buildActionMask = 2147483647;
			files = (
				69885B112332B37A00775DEC /* ViewController.swift in Sources */,
				691E4A7F2332B5CC00D944A2 /* playsoundsviewcontroller+audio.swift in Sources */,
				691E4A7D2332B5BC00D944A2 /* PlaySoundsViewController.swift in Sources */,
				691E4A812332B5E500D944A2 /* RecordSoundsViewController.swift in Sources */,
				69885B0F2332B37A00775DEC /* AppDelegate.swift in Sources */,
			);
			runOnlyForDeploymentPostprocessing = 0;
		};
		69885B1B2332B37A00775DEC /* Sources */ = {
			isa = PBXSourcesBuildPhase;
			buildActionMask = 2147483647;
			files = (
				69885B242332B37A00775DEC /* Pitch_PerfectTests.swift in Sources */,
			);
			runOnlyForDeploymentPostprocessing = 0;
		};
		69885B262332B37A00775DEC /* Sources */ = {
			isa = PBXSourcesBuildPhase;
			buildActionMask = 2147483647;
			files = (
				69885B2F2332B37A00775DEC /* Pitch_PerfectUITests.swift in Sources */,
			);
			runOnlyForDeploymentPostprocessing = 0;
		};
/* End PBXSourcesBuildPhase section */

/* Begin PBXTargetDependency section */
		69885B212332B37A00775DEC /* PBXTargetDependency */ = {
			isa = PBXTargetDependency;
			target = 69885B0A2332B37A00775DEC /* Pitch Perfect */;
			targetProxy = 69885B202332B37A00775DEC /* PBXContainerItemProxy */;
		};
		69885B2C2332B37A00775DEC /* PBXTargetDependency */ = {
			isa = PBXTargetDependency;
			target = 69885B0A2332B37A00775DEC /* Pitch Perfect */;
			targetProxy = 69885B2B2332B37A00775DEC /* PBXContainerItemProxy */;
		};
/* End PBXTargetDependency section */

/* Begin PBXVariantGroup section */
		69885B122332B37A00775DEC /* Main.storyboard */ = {
			isa = PBXVariantGroup;
			children = (
				69885B132332B37A00775DEC /* Base */,
			);
			name = Main.storyboard;
			sourceTree = "<group>";
		};
		69885B172332B37A00775DEC /* LaunchScreen.storyboard */ = {
			isa = PBXVariantGroup;
			children = (
				69885B182332B37A00775DEC /* Base */,
			);
			name = LaunchScreen.storyboard;
			sourceTree = "<group>";
		};
/* End PBXVariantGroup section */

/* Begin XCBuildConfiguration section */
		69885B312332B37A00775DEC /* Debug */ = {
			isa = XCBuildConfiguration;
			buildSettings = {
				ALWAYS_SEARCH_USER_PATHS = NO;
				CLANG_ANALYZER_NONNULL = YES;
				CLANG_ANALYZER_NUMBER_OBJECT_CONVERSION = YES_AGGRESSIVE;
				CLANG_CXX_LANGUAGE_STANDARD = "gnu++14";
				CLANG_CXX_LIBRARY = "libc++";
				CLANG_ENABLE_MODULES = YES;
				CLANG_ENABLE_OBJC_ARC = YES;
				CLANG_ENABLE_OBJC_WEAK = YES;
				CLANG_WARN_BLOCK_CAPTURE_AUTORELEASING = YES;
				CLANG_WARN_BOOL_CONVERSION = YES;
				CLANG_WARN_COMMA = YES;
				CLANG_WARN_CONSTANT_CONVERSION = YES;
				CLANG_WARN_DEPRECATED_OBJC_IMPLEMENTATIONS = YES;
				CLANG_WARN_DIRECT_OBJC_ISA_USAGE = YES_ERROR;
				CLANG_WARN_DOCUMENTATION_COMMENTS = YES;
				CLANG_WARN_EMPTY_BODY = YES;
				CLANG_WARN_ENUM_CONVERSION = YES;
				CLANG_WARN_INFINITE_RECURSION = YES;
				CLANG_WARN_INT_CONVERSION = YES;
				CLANG_WARN_NON_LITERAL_NULL_CONVERSION = YES;
				CLANG_WARN_OBJC_IMPLICIT_RETAIN_SELF = YES;
				CLANG_WARN_OBJC_LITERAL_CONVERSION = YES;
				CLANG_WARN_OBJC_ROOT_CLASS = YES_ERROR;
				CLANG_WARN_RANGE_LOOP_ANALYSIS = YES;
				CLANG_WARN_STRICT_PROTOTYPES = YES;
				CLANG_WARN_SUSPICIOUS_MOVE = YES;
				CLANG_WARN_UNGUARDED_AVAILABILITY = YES_AGGRESSIVE;
				CLANG_WARN_UNREACHABLE_CODE = YES;
				CLANG_WARN__DUPLICATE_METHOD_MATCH = YES;
				CODE_SIGN_IDENTITY = "iPhone Developer";
				COPY_PHASE_STRIP = NO;
				DEBUG_INFORMATION_FORMAT = dwarf;
				ENABLE_STRICT_OBJC_MSGSEND = YES;
				ENABLE_TESTABILITY = YES;
				GCC_C_LANGUAGE_STANDARD = gnu11;
				GCC_DYNAMIC_NO_PIC = NO;
				GCC_NO_COMMON_BLOCKS = YES;
				GCC_OPTIMIZATION_LEVEL = 0;
				GCC_PREPROCESSOR_DEFINITIONS = (
					"DEBUG=1",
					"$(inherited)",
				);
				GCC_WARN_64_TO_32_BIT_CONVERSION = YES;
				GCC_WARN_ABOUT_RETURN_TYPE = YES_ERROR;
				GCC_WARN_UNDECLARED_SELECTOR = YES;
				GCC_WARN_UNINITIALIZED_AUTOS = YES_AGGRESSIVE;
				GCC_WARN_UNUSED_FUNCTION = YES;
				GCC_WARN_UNUSED_VARIABLE = YES;
				IPHONEOS_DEPLOYMENT_TARGET = 12.4;
				MTL_ENABLE_DEBUG_INFO = INCLUDE_SOURCE;
				MTL_FAST_MATH = YES;
				ONLY_ACTIVE_ARCH = YES;
				SDKROOT = iphoneos;
				SWIFT_ACTIVE_COMPILATION_CONDITIONS = DEBUG;
				SWIFT_OPTIMIZATION_LEVEL = "-Onone";
			};
			name = Debug;
		};
		69885B322332B37A00775DEC /* Release */ = {
			isa = XCBuildConfiguration;
			buildSettings = {
				ALWAYS_SEARCH_USER_PATHS = NO;
				CLANG_ANALYZER_NONNULL = YES;
				CLANG_ANALYZER_NUMBER_OBJECT_CONVERSION = YES_AGGRESSIVE;
				CLANG_CXX_LANGUAGE_STANDARD = "gnu++14";
				CLANG_CXX_LIBRARY = "libc++";
				CLANG_ENABLE_MODULES = YES;
				CLANG_ENABLE_OBJC_ARC = YES;
				CLANG_ENABLE_OBJC_WEAK = YES;
				CLANG_WARN_BLOCK_CAPTURE_AUTORELEASING = YES;
				CLANG_WARN_BOOL_CONVERSION = YES;
				CLANG_WARN_COMMA = YES;
				CLANG_WARN_CONSTANT_CONVERSION = YES;
				CLANG_WARN_DEPRECATED_OBJC_IMPLEMENTATIONS = YES;
				CLANG_WARN_DIRECT_OBJC_ISA_USAGE = YES_ERROR;
				CLANG_WARN_DOCUMENTATION_COMMENTS = YES;
				CLANG_WARN_EMPTY_BODY = YES;
				CLANG_WARN_ENUM_CONVERSION = YES;
				CLANG_WARN_INFINITE_RECURSION = YES;
				CLANG_WARN_INT_CONVERSION = YES;
				CLANG_WARN_NON_LITERAL_NULL_CONVERSION = YES;
				CLANG_WARN_OBJC_IMPLICIT_RETAIN_SELF = YES;
				CLANG_WARN_OBJC_LITERAL_CONVERSION = YES;
				CLANG_WARN_OBJC_ROOT_CLASS = YES_ERROR;
				CLANG_WARN_RANGE_LOOP_ANALYSIS = YES;
				CLANG_WARN_STRICT_PROTOTYPES = YES;
				CLANG_WARN_SUSPICIOUS_MOVE = YES;
				CLANG_WARN_UNGUARDED_AVAILABILITY = YES_AGGRESSIVE;
				CLANG_WARN_UNREACHABLE_CODE = YES;
				CLANG_WARN__DUPLICATE_METHOD_MATCH = YES;
				CODE_SIGN_IDENTITY = "iPhone Developer";
				COPY_PHASE_STRIP = NO;
				DEBUG_INFORMATION_FORMAT = "dwarf-with-dsym";
				ENABLE_NS_ASSERTIONS = NO;
				ENABLE_STRICT_OBJC_MSGSEND = YES;
				GCC_C_LANGUAGE_STANDARD = gnu11;
				GCC_NO_COMMON_BLOCKS = YES;
				GCC_WARN_64_TO_32_BIT_CONVERSION = YES;
				GCC_WARN_ABOUT_RETURN_TYPE = YES_ERROR;
				GCC_WARN_UNDECLARED_SELECTOR = YES;
				GCC_WARN_UNINITIALIZED_AUTOS = YES_AGGRESSIVE;
				GCC_WARN_UNUSED_FUNCTION = YES;
				GCC_WARN_UNUSED_VARIABLE = YES;
				IPHONEOS_DEPLOYMENT_TARGET = 12.4;
				MTL_ENABLE_DEBUG_INFO = NO;
				MTL_FAST_MATH = YES;
				SDKROOT = iphoneos;
				SWIFT_COMPILATION_MODE = wholemodule;
				SWIFT_OPTIMIZATION_LEVEL = "-O";
				VALIDATE_PRODUCT = YES;
			};
			name = Release;
		};
		69885B342332B37A00775DEC /* Debug */ = {
			isa = XCBuildConfiguration;
			buildSettings = {
				ASSETCATALOG_COMPILER_APPICON_NAME = AppIcon;
				CODE_SIGN_STYLE = Automatic;
				DEVELOPMENT_TEAM = 5H67VAQ2G2;
				INFOPLIST_FILE = "Pitch Perfect/Info.plist";
				LD_RUNPATH_SEARCH_PATHS = (
					"$(inherited)",
					"@executable_path/Frameworks",
				);
				PRODUCT_BUNDLE_IDENTIFIER = "Udacity.Pitch-Perfect";
				PRODUCT_NAME = "$(TARGET_NAME)";
				SWIFT_VERSION = 5.0;
				TARGETED_DEVICE_FAMILY = "1,2";
			};
			name = Debug;
		};
		69885B352332B37A00775DEC /* Release */ = {
			isa = XCBuildConfiguration;
			buildSettings = {
				ASSETCATALOG_COMPILER_APPICON_NAME = AppIcon;
				CODE_SIGN_STYLE = Automatic;
				DEVELOPMENT_TEAM = 5H67VAQ2G2;
				INFOPLIST_FILE = "Pitch Perfect/Info.plist";
				LD_RUNPATH_SEARCH_PATHS = (
					"$(inherited)",
					"@executable_path/Frameworks",
				);
				PRODUCT_BUNDLE_IDENTIFIER = "Udacity.Pitch-Perfect";
				PRODUCT_NAME = "$(TARGET_NAME)";
				SWIFT_VERSION = 5.0;
				TARGETED_DEVICE_FAMILY = "1,2";
			};
			name = Release;
		};
		69885B372332B37A00775DEC /* Debug */ = {
			isa = XCBuildConfiguration;
			buildSettings = {
				ALWAYS_EMBED_SWIFT_STANDARD_LIBRARIES = YES;
				BUNDLE_LOADER = "$(TEST_HOST)";
				CODE_SIGN_STYLE = Automatic;
				INFOPLIST_FILE = "Pitch PerfectTests/Info.plist";
				LD_RUNPATH_SEARCH_PATHS = (
					"$(inherited)",
					"@executable_path/Frameworks",
					"@loader_path/Frameworks",
				);
				PRODUCT_BUNDLE_IDENTIFIER = "Udacity.Pitch-PerfectTests";
				PRODUCT_NAME = "$(TARGET_NAME)";
				SWIFT_VERSION = 5.0;
				TARGETED_DEVICE_FAMILY = "1,2";
				TEST_HOST = "$(BUILT_PRODUCTS_DIR)/Pitch Perfect.app/Pitch Perfect";
			};
			name = Debug;
		};
		69885B382332B37A00775DEC /* Release */ = {
			isa = XCBuildConfiguration;
			buildSettings = {
				ALWAYS_EMBED_SWIFT_STANDARD_LIBRARIES = YES;
				BUNDLE_LOADER = "$(TEST_HOST)";
				CODE_SIGN_STYLE = Automatic;
				INFOPLIST_FILE = "Pitch PerfectTests/Info.plist";
				LD_RUNPATH_SEARCH_PATHS = (
					"$(inherited)",
					"@executable_path/Frameworks",
					"@loader_path/Frameworks",
				);
				PRODUCT_BUNDLE_IDENTIFIER = "Udacity.Pitch-PerfectTests";
				PRODUCT_NAME = "$(TARGET_NAME)";
				SWIFT_VERSION = 5.0;
				TARGETED_DEVICE_FAMILY = "1,2";
				TEST_HOST = "$(BUILT_PRODUCTS_DIR)/Pitch Perfect.app/Pitch Perfect";
			};
			name = Release;
		};
		69885B3A2332B37A00775DEC /* Debug */ = {
			isa = XCBuildConfiguration;
			buildSettings = {
				ALWAYS_EMBED_SWIFT_STANDARD_LIBRARIES = YES;
				CODE_SIGN_STYLE = Automatic;
				INFOPLIST_FILE = "Pitch PerfectUITests/Info.plist";
				LD_RUNPATH_SEARCH_PATHS = (
					"$(inherited)",
					"@executable_path/Frameworks",
					"@loader_path/Frameworks",
				);
				PRODUCT_BUNDLE_IDENTIFIER = "Udacity.Pitch-PerfectUITests";
				PRODUCT_NAME = "$(TARGET_NAME)";
				SWIFT_VERSION = 5.0;
				TARGETED_DEVICE_FAMILY = "1,2";
				TEST_TARGET_NAME = "Pitch Perfect";
			};
			name = Debug;
		};
		69885B3B2332B37A00775DEC /* Release */ = {
			isa = XCBuildConfiguration;
			buildSettings = {
				ALWAYS_EMBED_SWIFT_STANDARD_LIBRARIES = YES;
				CODE_SIGN_STYLE = Automatic;
				INFOPLIST_FILE = "Pitch PerfectUITests/Info.plist";
				LD_RUNPATH_SEARCH_PATHS = (
					"$(inherited)",
					"@executable_path/Frameworks",
					"@loader_path/Frameworks",
				);
				PRODUCT_BUNDLE_IDENTIFIER = "Udacity.Pitch-PerfectUITests";
				PRODUCT_NAME = "$(TARGET_NAME)";
				SWIFT_VERSION = 5.0;
				TARGETED_DEVICE_FAMILY = "1,2";
				TEST_TARGET_NAME = "Pitch Perfect";
			};
			name = Release;
		};
/* End XCBuildConfiguration section */

/* Begin XCConfigurationList section */
		69885B062332B37A00775DEC /* Build configuration list for PBXProject "Pitch Perfect" */ = {
			isa = XCConfigurationList;
			buildConfigurations = (
				69885B312332B37A00775DEC /* Debug */,
				69885B322332B37A00775DEC /* Release */,
			);
			defaultConfigurationIsVisible = 0;
			defaultConfigurationName = Release;
		};
		69885B332332B37A00775DEC /* Build configuration list for PBXNativeTarget "Pitch Perfect" */ = {
			isa = XCConfigurationList;
			buildConfigurations = (
				69885B342332B37A00775DEC /* Debug */,
				69885B352332B37A00775DEC /* Release */,
			);
			defaultConfigurationIsVisible = 0;
			defaultConfigurationName = Release;
		};
		69885B362332B37A00775DEC /* Build configuration list for PBXNativeTarget "Pitch PerfectTests" */ = {
			isa = XCConfigurationList;
			buildConfigurations = (
				69885B372332B37A00775DEC /* Debug */,
				69885B382332B37A00775DEC /* Release */,
			);
			defaultConfigurationIsVisible = 0;
			defaultConfigurationName = Release;
		};
		69885B392332B37A00775DEC /* Build configuration list for PBXNativeTarget "Pitch PerfectUITests" */ = {
			isa = XCConfigurationList;
			buildConfigurations = (
				69885B3A2332B37A00775DEC /* Debug */,
				69885B3B2332B37A00775DEC /* Release */,
			);
			defaultConfigurationIsVisible = 0;
			defaultConfigurationName = Release;
		};
/* End XCConfigurationList section */
	};
	rootObject = 69885B032332B37A00775DEC /* Project object */;
}
